
Microsoft Visual Studio Solution File, Format Version 12.00
# Visual Studio Version 17
VisualStudioVersion = 17.5.33502.453
MinimumVisualStudioVersion = 10.0.40219.1
Project("{FAE04EC0-301F-11D3-BF4B-00C04F79EFBC}") = "CalcMoney", "CalcMoney\CalcMoney.csproj", "{5B9298BA-40D2-4391-8380-F3A869481C79}"
EndProject
Global
	GlobalSection(SolutionConfigurationPlatforms) = preSolution
		Debug|Any CPU = Debug|Any CPU
		Release|Any CPU = Release|Any CPU
	EndGlobalSection
	GlobalSection(ProjectConfigurationPlatforms) = postSolution
		{5B9298BA-40D2-4391-8380-F3A869481C79}.Debug|Any CPU.ActiveCfg = Debug|Any CPU
		{5B9298BA-40D2-4391-8380-F3A869481C79}.Debug|Any CPU.Build.0 = Debug|Any CPU
		{5B9298BA-40D2-4391-8380-F3A869481C79}.Release|Any CPU.ActiveCfg = Release|Any CPU
		{5B9298BA-40D2-4391-8380-F3A869481C79}.Release|Any CPU.Build.0 = Release|Any CPU
	EndGlobalSection
	GlobalSection(SolutionProperties) = preSolution
		HideSolutionNode = FALSE
	EndGlobalSection
	GlobalSection(ExtensibilityGlobals) = postSolution
		SolutionGuid = {9934110A-65AA-4448-81F4-15DEFFB788C3}
	EndGlobalSection
EndGlobal
